
Microsoft Visual Studio Solution File, Format Version 12.00
# Visual Studio Version 17
VisualStudioVersion = 17.8.34408.163
MinimumVisualStudioVersion = 10.0.40219.1
Project("{8BC9CEB8-8B4A-11D0-8D11-00A0C91BC942}") = "Questions 2 to", "Questions 2 to\Questions 2 to.vcxproj", "{E770EBD6-BF10-42DE-B87D-9D7D4B6381F3}"
EndProject
Global
	GlobalSection(SolutionConfigurationPlatforms) = preSolution
		Debug|x64 = Debug|x64
		Debug|x86 = Debug|x86
		Release|x64 = Release|x64
		Release|x86 = Release|x86
	EndGlobalSection
	GlobalSection(ProjectConfigurationPlatforms) = postSolution
		{E770EBD6-BF10-42DE-B87D-9D7D4B6381F3}.Debug|x64.ActiveCfg = Debug|x64
		{E770EBD6-BF10-42DE-B87D-9D7D4B6381F3}.Debug|x64.Build.0 = Debug|x64
		{E770EBD6-BF10-42DE-B87D-9D7D4B6381F3}.Debug|x86.ActiveCfg = Debug|Win32
		{E770EBD6-BF10-42DE-B87D-9D7D4B6381F3}.Debug|x86.Build.0 = Debug|Win32
		{E770EBD6-BF10-42DE-B87D-9D7D4B6381F3}.Release|x64.ActiveCfg = Release|x64
		{E770EBD6-BF10-42DE-B87D-9D7D4B6381F3}.Release|x64.Build.0 = Release|x64
		{E770EBD6-BF10-42DE-B87D-9D7D4B6381F3}.Release|x86.ActiveCfg = Release|Win32
		{E770EBD6-BF10-42DE-B87D-9D7D4B6381F3}.Release|x86.Build.0 = Release|Win32
	EndGlobalSection
	GlobalSection(SolutionProperties) = preSolution
		HideSolutionNode = FALSE
	EndGlobalSection
	GlobalSection(ExtensibilityGlobals) = postSolution
		SolutionGuid = {84B02D38-E2EB-4B8D-9C15-5A502B6D60A6}
	EndGlobalSection
EndGlobal
